
Microsoft Visual Studio Solution File, Format Version 11.00
# Visual Studio 2010
Project("{FAE04EC0-301F-11D3-BF4B-00C04F79EFBC}") = "Assembly-CSharp", "Assembly-CSharp.csproj", "{00503537-9618-08aa-100f-62d10c67eef9}"
EndProject
Project("{FAE04EC0-301F-11D3-BF4B-00C04F79EFBC}") = "Assembly-CSharp-Editor", "Assembly-CSharp-Editor.csproj", "{7bfb847a-1f26-670a-35dc-085c9bf77b79}"
EndProject
Global
	GlobalSection(SolutionConfigurationPlatforms) = preSolution
		Debug|Any CPU = Debug|Any CPU
	EndGlobalSection
	GlobalSection(ProjectConfigurationPlatforms) = postSolution
		{00503537-9618-08aa-100f-62d10c67eef9}.Debug|Any CPU.ActiveCfg = Debug|Any CPU
		{00503537-9618-08aa-100f-62d10c67eef9}.Debug|Any CPU.Build.0 = Debug|Any CPU
		{7bfb847a-1f26-670a-35dc-085c9bf77b79}.Debug|Any CPU.ActiveCfg = Debug|Any CPU
		{7bfb847a-1f26-670a-35dc-085c9bf77b79}.Debug|Any CPU.Build.0 = Debug|Any CPU
	EndGlobalSection
	GlobalSection(SolutionProperties) = preSolution
		HideSolutionNode = FALSE
	EndGlobalSection
EndGlobal
